
Microsoft Visual Studio Solution File, Format Version 12.00
# Visual Studio Version 17
VisualStudioVersion = 17.5.33502.453
MinimumVisualStudioVersion = 10.0.40219.1
Project("{FAE04EC0-301F-11D3-BF4B-00C04F79EFBC}") = "TibaSchool.PL", "TibaSchool.PL\TibaSchool.PL.csproj", "{6691D758-373C-44B3-AB12-F0BBC098C8DA}"
EndProject
Project("{FAE04EC0-301F-11D3-BF4B-00C04F79EFBC}") = "TibaSchool.DAL", "TibaSchool.DAL\TibaSchool.DAL.csproj", "{312A7F27-79FB-47B3-8D45-D2DA2FF30EA1}"
EndProject
Project("{FAE04EC0-301F-11D3-BF4B-00C04F79EFBC}") = "TibaSchool.BL", "TibaSchool.BL\TibaSchool.BL.csproj", "{2A2DC1F8-159F-45D8-89F7-012242D243E0}"
EndProject
Global
	GlobalSection(SolutionConfigurationPlatforms) = preSolution
		Debug|Any CPU = Debug|Any CPU
		Release|Any CPU = Release|Any CPU
	EndGlobalSection
	GlobalSection(ProjectConfigurationPlatforms) = postSolution
		{6691D758-373C-44B3-AB12-F0BBC098C8DA}.Debug|Any CPU.ActiveCfg = Debug|Any CPU
		{6691D758-373C-44B3-AB12-F0BBC098C8DA}.Debug|Any CPU.Build.0 = Debug|Any CPU
		{6691D758-373C-44B3-AB12-F0BBC098C8DA}.Release|Any CPU.ActiveCfg = Release|Any CPU
		{6691D758-373C-44B3-AB12-F0BBC098C8DA}.Release|Any CPU.Build.0 = Release|Any CPU
		{312A7F27-79FB-47B3-8D45-D2DA2FF30EA1}.Debug|Any CPU.ActiveCfg = Debug|Any CPU
		{312A7F27-79FB-47B3-8D45-D2DA2FF30EA1}.Debug|Any CPU.Build.0 = Debug|Any CPU
		{312A7F27-79FB-47B3-8D45-D2DA2FF30EA1}.Release|Any CPU.ActiveCfg = Release|Any CPU
		{312A7F27-79FB-47B3-8D45-D2DA2FF30EA1}.Release|Any CPU.Build.0 = Release|Any CPU
		{2A2DC1F8-159F-45D8-89F7-012242D243E0}.Debug|Any CPU.ActiveCfg = Debug|Any CPU
		{2A2DC1F8-159F-45D8-89F7-012242D243E0}.Debug|Any CPU.Build.0 = Debug|Any CPU
		{2A2DC1F8-159F-45D8-89F7-012242D243E0}.Release|Any CPU.ActiveCfg = Release|Any CPU
		{2A2DC1F8-159F-45D8-89F7-012242D243E0}.Release|Any CPU.Build.0 = Release|Any CPU
	EndGlobalSection
	GlobalSection(SolutionProperties) = preSolution
		HideSolutionNode = FALSE
	EndGlobalSection
	GlobalSection(ExtensibilityGlobals) = postSolution
		SolutionGuid = {6DFEA606-15BF-4D56-9B18-91E9667ADC9A}
	EndGlobalSection
EndGlobal
